
Microsoft Visual Studio Solution File, Format Version 12.00
# Visual Studio Version 16
VisualStudioVersion = 16.0.30517.126
MinimumVisualStudioVersion = 10.0.40219.1
Project("{888888A0-9F3D-457C-B088-3A5042F75D52}") = "Prueba2", "Prueba2.pyproj", "{F12FD4F1-56F3-47E5-ABD2-972FC908BE7E}"
EndProject
Global
	GlobalSection(SolutionConfigurationPlatforms) = preSolution
		Debug|Any CPU = Debug|Any CPU
		Release|Any CPU = Release|Any CPU
	EndGlobalSection
	GlobalSection(ProjectConfigurationPlatforms) = postSolution
		{F12FD4F1-56F3-47E5-ABD2-972FC908BE7E}.Debug|Any CPU.ActiveCfg = Debug|Any CPU
		{F12FD4F1-56F3-47E5-ABD2-972FC908BE7E}.Debug|Any CPU.Build.0 = Debug|Any CPU
		{F12FD4F1-56F3-47E5-ABD2-972FC908BE7E}.Release|Any CPU.ActiveCfg = Release|Any CPU
		{F12FD4F1-56F3-47E5-ABD2-972FC908BE7E}.Release|Any CPU.Build.0 = Release|Any CPU
	EndGlobalSection
	GlobalSection(SolutionProperties) = preSolution
		HideSolutionNode = FALSE
	EndGlobalSection
	GlobalSection(ExtensibilityGlobals) = postSolution
		SolutionGuid = {EC05BC2E-A8B1-4D23-AD63-B43C8CACBC25}
	EndGlobalSection
EndGlobal
